
Microsoft Visual Studio Solution File, Format Version 12.00
# Visual Studio Version 17
VisualStudioVersion = 17.5.33627.172
MinimumVisualStudioVersion = 10.0.40219.1
Project("{FAE04EC0-301F-11D3-BF4B-00C04F79EFBC}") = "WPF", "WPF.csproj", "{69415F1D-DFF7-466E-8D2C-DE51FAE85BAD}"
EndProject
Global
	GlobalSection(SolutionConfigurationPlatforms) = preSolution
		Debug|Any CPU = Debug|Any CPU
		Release|Any CPU = Release|Any CPU
	EndGlobalSection
	GlobalSection(ProjectConfigurationPlatforms) = postSolution
		{69415F1D-DFF7-466E-8D2C-DE51FAE85BAD}.Debug|Any CPU.ActiveCfg = Debug|Any CPU
		{69415F1D-DFF7-466E-8D2C-DE51FAE85BAD}.Debug|Any CPU.Build.0 = Debug|Any CPU
		{69415F1D-DFF7-466E-8D2C-DE51FAE85BAD}.Release|Any CPU.ActiveCfg = Release|Any CPU
		{69415F1D-DFF7-466E-8D2C-DE51FAE85BAD}.Release|Any CPU.Build.0 = Release|Any CPU
	EndGlobalSection
	GlobalSection(SolutionProperties) = preSolution
		HideSolutionNode = FALSE
	EndGlobalSection
	GlobalSection(ExtensibilityGlobals) = postSolution
		SolutionGuid = {7F8B0F85-3742-4E87-BDA3-84C8A7DD05D4}
	EndGlobalSection
EndGlobal
