
Microsoft Visual Studio Solution File, Format Version 12.00
# Visual Studio Version 17
VisualStudioVersion = 17.5.33627.172
MinimumVisualStudioVersion = 10.0.40219.1
Project("{FAE04EC0-301F-11D3-BF4B-00C04F79EFBC}") = "Mobile2.Android", "Mobile2.Android\Mobile2.Android.csproj", "{C9F51BFD-1439-4FDC-9252-FE4AD3AFD8FC}"
EndProject
Project("{FAE04EC0-301F-11D3-BF4B-00C04F79EFBC}") = "Mobile2.iOS", "Mobile2.iOS\Mobile2.iOS.csproj", "{D89533D3-10F2-4964-9FEB-4925D06ECD96}"
EndProject
Project("{FAE04EC0-301F-11D3-BF4B-00C04F79EFBC}") = "Mobile2", "Mobile2\Mobile2.csproj", "{B00CE4D6-3AF3-4C00-BA21-3D28FCB34C1B}"
EndProject
Global
	GlobalSection(SolutionConfigurationPlatforms) = preSolution
		Debug|Any CPU = Debug|Any CPU
		Debug|iPhone = Debug|iPhone
		Debug|iPhoneSimulator = Debug|iPhoneSimulator
		Release|Any CPU = Release|Any CPU
		Release|iPhone = Release|iPhone
		Release|iPhoneSimulator = Release|iPhoneSimulator
	EndGlobalSection
	GlobalSection(ProjectConfigurationPlatforms) = postSolution
		{C9F51BFD-1439-4FDC-9252-FE4AD3AFD8FC}.Debug|Any CPU.ActiveCfg = Debug|Any CPU
		{C9F51BFD-1439-4FDC-9252-FE4AD3AFD8FC}.Debug|Any CPU.Build.0 = Debug|Any CPU
		{C9F51BFD-1439-4FDC-9252-FE4AD3AFD8FC}.Debug|Any CPU.Deploy.0 = Debug|Any CPU
		{C9F51BFD-1439-4FDC-9252-FE4AD3AFD8FC}.Debug|iPhone.ActiveCfg = Debug|Any CPU
		{C9F51BFD-1439-4FDC-9252-FE4AD3AFD8FC}.Debug|iPhone.Build.0 = Debug|Any CPU
		{C9F51BFD-1439-4FDC-9252-FE4AD3AFD8FC}.Debug|iPhone.Deploy.0 = Debug|Any CPU
		{C9F51BFD-1439-4FDC-9252-FE4AD3AFD8FC}.Debug|iPhoneSimulator.ActiveCfg = Debug|Any CPU
		{C9F51BFD-1439-4FDC-9252-FE4AD3AFD8FC}.Debug|iPhoneSimulator.Build.0 = Debug|Any CPU
		{C9F51BFD-1439-4FDC-9252-FE4AD3AFD8FC}.Debug|iPhoneSimulator.Deploy.0 = Debug|Any CPU
		{C9F51BFD-1439-4FDC-9252-FE4AD3AFD8FC}.Release|Any CPU.ActiveCfg = Release|Any CPU
		{C9F51BFD-1439-4FDC-9252-FE4AD3AFD8FC}.Release|Any CPU.Build.0 = Release|Any CPU
		{C9F51BFD-1439-4FDC-9252-FE4AD3AFD8FC}.Release|Any CPU.Deploy.0 = Release|Any CPU
		{C9F51BFD-1439-4FDC-9252-FE4AD3AFD8FC}.Release|iPhone.ActiveCfg = Release|Any CPU
		{C9F51BFD-1439-4FDC-9252-FE4AD3AFD8FC}.Release|iPhone.Build.0 = Release|Any CPU
		{C9F51BFD-1439-4FDC-9252-FE4AD3AFD8FC}.Release|iPhone.Deploy.0 = Release|Any CPU
		{C9F51BFD-1439-4FDC-9252-FE4AD3AFD8FC}.Release|iPhoneSimulator.ActiveCfg = Release|Any CPU
		{C9F51BFD-1439-4FDC-9252-FE4AD3AFD8FC}.Release|iPhoneSimulator.Build.0 = Release|Any CPU
		{C9F51BFD-1439-4FDC-9252-FE4AD3AFD8FC}.Release|iPhoneSimulator.Deploy.0 = Release|Any CPU
		{D89533D3-10F2-4964-9FEB-4925D06ECD96}.Debug|Any CPU.ActiveCfg = Debug|iPhone
		{D89533D3-10F2-4964-9FEB-4925D06ECD96}.Debug|Any CPU.Build.0 = Debug|iPhone
		{D89533D3-10F2-4964-9FEB-4925D06ECD96}.Debug|Any CPU.Deploy.0 = Debug|iPhone
		{D89533D3-10F2-4964-9FEB-4925D06ECD96}.Debug|iPhone.ActiveCfg = Debug|iPhone
		{D89533D3-10F2-4964-9FEB-4925D06ECD96}.Debug|iPhone.Build.0 = Debug|iPhone
		{D89533D3-10F2-4964-9FEB-4925D06ECD96}.Debug|iPhone.Deploy.0 = Debug|iPhone
		{D89533D3-10F2-4964-9FEB-4925D06ECD96}.Debug|iPhoneSimulator.ActiveCfg = Debug|iPhoneSimulator
		{D89533D3-10F2-4964-9FEB-4925D06ECD96}.Debug|iPhoneSimulator.Build.0 = Debug|iPhoneSimulator
		{D89533D3-10F2-4964-9FEB-4925D06ECD96}.Debug|iPhoneSimulator.Deploy.0 = Debug|iPhoneSimulator
		{D89533D3-10F2-4964-9FEB-4925D06ECD96}.Release|Any CPU.ActiveCfg = Release|iPhoneSimulator
		{D89533D3-10F2-4964-9FEB-4925D06ECD96}.Release|Any CPU.Build.0 = Release|iPhoneSimulator
		{D89533D3-10F2-4964-9FEB-4925D06ECD96}.Release|Any CPU.Deploy.0 = Release|iPhoneSimulator
		{D89533D3-10F2-4964-9FEB-4925D06ECD96}.Release|iPhone.ActiveCfg = Release|iPhone
		{D89533D3-10F2-4964-9FEB-4925D06ECD96}.Release|iPhone.Build.0 = Release|iPhone
		{D89533D3-10F2-4964-9FEB-4925D06ECD96}.Release|iPhone.Deploy.0 = Release|iPhone
		{D89533D3-10F2-4964-9FEB-4925D06ECD96}.Release|iPhoneSimulator.ActiveCfg = Release|iPhoneSimulator
		{D89533D3-10F2-4964-9FEB-4925D06ECD96}.Release|iPhoneSimulator.Build.0 = Release|iPhoneSimulator
		{D89533D3-10F2-4964-9FEB-4925D06ECD96}.Release|iPhoneSimulator.Deploy.0 = Release|iPhoneSimulator
		{B00CE4D6-3AF3-4C00-BA21-3D28FCB34C1B}.Debug|Any CPU.ActiveCfg = Debug|Any CPU
		{B00CE4D6-3AF3-4C00-BA21-3D28FCB34C1B}.Debug|Any CPU.Build.0 = Debug|Any CPU
		{B00CE4D6-3AF3-4C00-BA21-3D28FCB34C1B}.Debug|Any CPU.Deploy.0 = Debug|Any CPU
		{B00CE4D6-3AF3-4C00-BA21-3D28FCB34C1B}.Debug|iPhone.ActiveCfg = Debug|Any CPU
		{B00CE4D6-3AF3-4C00-BA21-3D28FCB34C1B}.Debug|iPhone.Build.0 = Debug|Any CPU
		{B00CE4D6-3AF3-4C00-BA21-3D28FCB34C1B}.Debug|iPhone.Deploy.0 = Debug|Any CPU
		{B00CE4D6-3AF3-4C00-BA21-3D28FCB34C1B}.Debug|iPhoneSimulator.ActiveCfg = Debug|Any CPU
		{B00CE4D6-3AF3-4C00-BA21-3D28FCB34C1B}.Debug|iPhoneSimulator.Build.0 = Debug|Any CPU
		{B00CE4D6-3AF3-4C00-BA21-3D28FCB34C1B}.Debug|iPhoneSimulator.Deploy.0 = Debug|Any CPU
		{B00CE4D6-3AF3-4C00-BA21-3D28FCB34C1B}.Release|Any CPU.ActiveCfg = Release|Any CPU
		{B00CE4D6-3AF3-4C00-BA21-3D28FCB34C1B}.Release|Any CPU.Build.0 = Release|Any CPU
		{B00CE4D6-3AF3-4C00-BA21-3D28FCB34C1B}.Release|Any CPU.Deploy.0 = Release|Any CPU
		{B00CE4D6-3AF3-4C00-BA21-3D28FCB34C1B}.Release|iPhone.ActiveCfg = Release|Any CPU
		{B00CE4D6-3AF3-4C00-BA21-3D28FCB34C1B}.Release|iPhone.Build.0 = Release|Any CPU
		{B00CE4D6-3AF3-4C00-BA21-3D28FCB34C1B}.Release|iPhone.Deploy.0 = Release|Any CPU
		{B00CE4D6-3AF3-4C00-BA21-3D28FCB34C1B}.Release|iPhoneSimulator.ActiveCfg = Release|Any CPU
		{B00CE4D6-3AF3-4C00-BA21-3D28FCB34C1B}.Release|iPhoneSimulator.Build.0 = Release|Any CPU
		{B00CE4D6-3AF3-4C00-BA21-3D28FCB34C1B}.Release|iPhoneSimulator.Deploy.0 = Release|Any CPU
	EndGlobalSection
	GlobalSection(SolutionProperties) = preSolution
		HideSolutionNode = FALSE
	EndGlobalSection
	GlobalSection(ExtensibilityGlobals) = postSolution
		SolutionGuid = {3B638BE3-9617-4CFD-AAFE-6780028550D3}
	EndGlobalSection
EndGlobal
